# THIS IS AN AUTOGENERATED FILE. DO NOT EDIT THIS FILE DIRECTLY.
# yarn lockfile v1


"@module-federation/runtime-tools@0.1.6":
  version "0.1.6"
  resolved "https://registry.yarnpkg.com/@module-federation/runtime-tools/-/runtime-tools-0.1.6.tgz#ee9bbe8c6e823b4c641695c91ab0b0bfdc5b3102"
  integrity sha512-7ILVnzMIa0Dlc0Blck5tVZG1tnk1MmLnuZpLOMpbdW+zl+N6wdMjjHMjEZFCUAJh2E5XJ3BREwfX8Ets0nIkLg==
  dependencies:
    "@module-federation/runtime" "0.1.6"
    "@module-federation/webpack-bundler-runtime" "0.1.6"

"@module-federation/runtime@0.1.6":
  version "0.1.6"
  resolved "https://registry.yarnpkg.com/@module-federation/runtime/-/runtime-0.1.6.tgz#e56adb6bdb0c5264ba5740d0aa64568f19a0c3be"
  integrity sha512-nj6a+yJ+QxmcE89qmrTl4lphBIoAds0PFPVGnqLRWflwAP88jrCcrrTqRhARegkFDL+wE9AE04+h6jzlbIfMKg==
  dependencies:
    "@module-federation/sdk" "0.1.6"

"@module-federation/sdk@0.1.6":
  version "0.1.6"
  resolved "https://registry.yarnpkg.com/@module-federation/sdk/-/sdk-0.1.6.tgz#4d64b206ef6bddd99ca74680f278a2134a493dd5"
  integrity sha512-qifXpyYLM7abUeEOIfv0oTkguZgRZuwh89YOAYIZJlkP6QbRG7DJMQvtM8X2yHXm9PTk0IYNnOJH0vNQCo6auQ==

"@module-federation/webpack-bundler-runtime@0.1.6":
  version "0.1.6"
  resolved "https://registry.yarnpkg.com/@module-federation/webpack-bundler-runtime/-/webpack-bundler-runtime-0.1.6.tgz#8520435913ca10e4f259e825d9521002595ba769"
  integrity sha512-K5WhKZ4RVNaMEtfHsd/9CNCgGKB0ipbm/tgweNNeC11mEuBTNxJ09Y630vg3WPkKv9vfMCuXg2p2Dk+Q/KWTSA==
  dependencies:
    "@module-federation/runtime" "0.1.6"
    "@module-federation/sdk" "0.1.6"

"@rsbuild/core@^0.7.10":
  version "0.7.10"
  resolved "https://registry.yarnpkg.com/@rsbuild/core/-/core-0.7.10.tgz#fcffbda45f777fa0a1728305a0c62325417e6565"
  integrity sha512-m+JbPpuMFuVsMRcsjMxvVk6yc//OW+h72kV2DAD4neoiM0YhkEAN4TXBz3RSOomXHODhhxqhpCqz9nIw6PtvBA==
  dependencies:
    "@rsbuild/shared" "0.7.10"
    "@rspack/core" "0.7.5"
    "@swc/helpers" "0.5.3"
    core-js "~3.36.0"
    html-webpack-plugin "npm:html-rspack-plugin@5.7.2"
    postcss "^8.4.38"

"@rsbuild/plugin-react@^0.7.10":
  version "0.7.10"
  resolved "https://registry.yarnpkg.com/@rsbuild/plugin-react/-/plugin-react-0.7.10.tgz#08acad2a4ee1289f0238cafe2f4c4648291ac788"
  integrity sha512-OyfTrNVRt7Rj5e4PR4VQHnKKpw7YkcG7xvprJbDU/LDtG0aucwCARO1h+YtuZhcUpoG9k4zWLmoRkEXLVnKbdQ==
  dependencies:
    "@rsbuild/shared" "0.7.10"
    "@rspack/plugin-react-refresh" "0.7.5"
    react-refresh "^0.14.2"

"@rsbuild/shared@0.7.10":
  version "0.7.10"
  resolved "https://registry.yarnpkg.com/@rsbuild/shared/-/shared-0.7.10.tgz#6ef4dac3514cccf8356333dda1ef5643159b9788"
  integrity sha512-FwTm11DP7KxQKT2mWLvwe80O5KpikgMSlqnw9CQhBaIHSYEypdJU9ZotbNsXsHdML3xcqg+S9ae3bpovC7KlwQ==
  dependencies:
    "@rspack/core" "0.7.5"
    caniuse-lite "^1.0.30001636"
    html-webpack-plugin "npm:html-rspack-plugin@5.7.2"
    postcss "^8.4.38"
  optionalDependencies:
    fsevents "~2.3.3"

"@rspack/binding-darwin-arm64@0.7.5":
  version "0.7.5"
  resolved "https://registry.yarnpkg.com/@rspack/binding-darwin-arm64/-/binding-darwin-arm64-0.7.5.tgz#a6e960ecb357c1f15481b689e12e4a7bcabf443c"
  integrity sha512-mNBIm36s1BA7v4SL/r4f3IXIsjyH5CZX4eXMRPE52lBc3ClVuUB7d/8zk8dkyjJCMAj8PsZSnAJ3cfXnn7TN4g==

"@rspack/binding-darwin-x64@0.7.5":
  version "0.7.5"
  resolved "https://registry.yarnpkg.com/@rspack/binding-darwin-x64/-/binding-darwin-x64-0.7.5.tgz#7524f71506154af7229b508fabf9e7f14434fea1"
  integrity sha512-teLK0TB1x0CsvaaiCopsFx4EvJe+/Hljwii6R7C9qOZs5zSOfbT/LQ202eA0sAGodCncARCGaXVrsekbrRYqeA==

"@rspack/binding-linux-arm64-gnu@0.7.5":
  version "0.7.5"
  resolved "https://registry.yarnpkg.com/@rspack/binding-linux-arm64-gnu/-/binding-linux-arm64-gnu-0.7.5.tgz#a4c245f85d2270258953dbdb54f6aa6520123720"
  integrity sha512-/24UytJXrK+7CsucDb30GCKYIJ8nG6ceqbJyOtsJv9zeArNLHkxrYGSyjHJIpQfwVN17BPP4RNOi+yIZ3ZgDyA==

"@rspack/binding-linux-arm64-musl@0.7.5":
  version "0.7.5"
  resolved "https://registry.yarnpkg.com/@rspack/binding-linux-arm64-musl/-/binding-linux-arm64-musl-0.7.5.tgz#c7048a936fb482a20cd209d1b1a0987f9b4b7934"
  integrity sha512-6RcxG42mLM01Pa6UYycACu/Nu9qusghAPUJumb8b8x5TRIDEtklYC5Ck6Rmagm+8E0ucMude2E/D4rMdIFcS3A==

"@rspack/binding-linux-x64-gnu@0.7.5":
  version "0.7.5"
  resolved "https://registry.yarnpkg.com/@rspack/binding-linux-x64-gnu/-/binding-linux-x64-gnu-0.7.5.tgz#f8ab23317bef82b0dca2235d6af430624ce37713"
  integrity sha512-R0Lu4CJN2nWMW7WzPBuCIju80cQPpcaqwKJDj/quwQySpJJZ6c5qGwB8mntqjxIzZDrNH6u0OkpiUTbvWZj8ww==

"@rspack/binding-linux-x64-musl@0.7.5":
  version "0.7.5"
  resolved "https://registry.yarnpkg.com/@rspack/binding-linux-x64-musl/-/binding-linux-x64-musl-0.7.5.tgz#bfb08b6e905c055ea4e643e24b32b315d07e359b"
  integrity sha512-dDgi/ThikMy1m4llxPeEXDCA2I8F8ezFS/eCPLZGU2/J1b4ALwDjuRsMmo+VXSlFCKgIt98V6h1woeg7nu96yg==

"@rspack/binding-win32-arm64-msvc@0.7.5":
  version "0.7.5"
  resolved "https://registry.yarnpkg.com/@rspack/binding-win32-arm64-msvc/-/binding-win32-arm64-msvc-0.7.5.tgz#894d1cb8c68bd9ab5093100d84d9ac7142aac992"
  integrity sha512-nEF4cUdLfgEK6FrgJSJhUlr2/7LY1tmqBNQCFsCjtDtUkQbJIEo1b8edT94G9tJcQoFE4cD+Re30yBYbQO2Thg==

"@rspack/binding-win32-ia32-msvc@0.7.5":
  version "0.7.5"
  resolved "https://registry.yarnpkg.com/@rspack/binding-win32-ia32-msvc/-/binding-win32-ia32-msvc-0.7.5.tgz#b5917eedb8eb9e591cf1e62dde6928dbbeebaf35"
  integrity sha512-hEcHRwJIzpZsePr+5x6V/7TGhrPXhSZYG4sIhsrem1za9W+qqCYYLZ7KzzbRODU07QaAH2RxjcA1bf8F2QDYAQ==

"@rspack/binding-win32-x64-msvc@0.7.5":
  version "0.7.5"
  resolved "https://registry.yarnpkg.com/@rspack/binding-win32-x64-msvc/-/binding-win32-x64-msvc-0.7.5.tgz#fbcd66f1e4d60e6a7a618c5f4abe4cbc2958f334"
  integrity sha512-PpVpP6J5/2b4T10hzSUwjLvmdpAOj3ozARl1Nrf/lsbYwhiXivoB8Gvoy/xe/Xpgr732Dk9VCeeW8rreWOOUVQ==

"@rspack/binding@0.7.5":
  version "0.7.5"
  resolved "https://registry.yarnpkg.com/@rspack/binding/-/binding-0.7.5.tgz#20279813ea1f4f365063774263aa2cf4bd5a6e69"
  integrity sha512-XcdOvaCz1mWWwr5vmEY9zncdInrjINEh60EWkYdqtCA67v7X7rB1fe6n4BeAI1+YLS2Eacj+lytlr+n7I+DYVg==
  optionalDependencies:
    "@rspack/binding-darwin-arm64" "0.7.5"
    "@rspack/binding-darwin-x64" "0.7.5"
    "@rspack/binding-linux-arm64-gnu" "0.7.5"
    "@rspack/binding-linux-arm64-musl" "0.7.5"
    "@rspack/binding-linux-x64-gnu" "0.7.5"
    "@rspack/binding-linux-x64-musl" "0.7.5"
    "@rspack/binding-win32-arm64-msvc" "0.7.5"
    "@rspack/binding-win32-ia32-msvc" "0.7.5"
    "@rspack/binding-win32-x64-msvc" "0.7.5"

"@rspack/core@0.7.5":
  version "0.7.5"
  resolved "https://registry.yarnpkg.com/@rspack/core/-/core-0.7.5.tgz#e6936949d8666655874c536cb719ff76daee44ab"
  integrity sha512-zVTe4WCyc3qsLPattosiDYZFeOzaJ32/BYukPP2I1VJtCVFa+PxGVRPVZhSoN6fXw5oy48yHg9W9v1T8CaEFhw==
  dependencies:
    "@module-federation/runtime-tools" "0.1.6"
    "@rspack/binding" "0.7.5"
    caniuse-lite "^1.0.30001616"
    tapable "2.2.1"
    webpack-sources "3.2.3"

"@rspack/plugin-react-refresh@0.7.5":
  version "0.7.5"
  resolved "https://registry.yarnpkg.com/@rspack/plugin-react-refresh/-/plugin-react-refresh-0.7.5.tgz#9212e2c8cc037a73557937149b3a8d14a66b887c"
  integrity sha512-ROI9lrmfIH+Z9lbBaP3YMhbD2R3rlm9SSzi/9WzzkQU6KK911S1D+sL2ByeJ7ipZafbHvMPWTmC2aQEvjhwQig==

"@swc/helpers@0.5.3":
  version "0.5.3"
  resolved "https://registry.yarnpkg.com/@swc/helpers/-/helpers-0.5.3.tgz#98c6da1e196f5f08f977658b80d6bd941b5f294f"
  integrity sha512-FaruWX6KdudYloq1AHD/4nU+UsMTdNE8CKyrseXWEcgjDAbvkwJg2QGPAnfIJLIWsjZOSPLOAykK6fuYp4vp4A==
  dependencies:
    tslib "^2.4.0"

"@types/prop-types@*":
  version "15.7.12"
  resolved "https://registry.yarnpkg.com/@types/prop-types/-/prop-types-15.7.12.tgz#12bb1e2be27293c1406acb6af1c3f3a1481d98c6"
  integrity sha512-5zvhXYtRNRluoE/jAp4GVsSduVUzNWKkOZrCDBWYtE7biZywwdC2AcEzg+cSMLFRfVgeAFqpfNabiPjxFddV1Q==

"@types/react-dom@^18.3.0":
  version "18.3.0"
  resolved "https://registry.yarnpkg.com/@types/react-dom/-/react-dom-18.3.0.tgz#0cbc818755d87066ab6ca74fbedb2547d74a82b0"
  integrity sha512-EhwApuTmMBmXuFOikhQLIBUn6uFg81SwLMOAUgodJF14SOBOCMdU04gDoYi0WOJJHD144TL32z4yDqCW3dnkQg==
  dependencies:
    "@types/react" "*"

"@types/react@*", "@types/react@^18.3.3":
  version "18.3.3"
  resolved "https://registry.yarnpkg.com/@types/react/-/react-18.3.3.tgz#9679020895318b0915d7a3ab004d92d33375c45f"
  integrity sha512-hti/R0pS0q1/xx+TsI73XIqk26eBsISZ2R0wUijXIngRK9R/e7Xw/cXVxQK7R5JjW+SV4zGcn5hXjudkN/pLIw==
  dependencies:
    "@types/prop-types" "*"
    csstype "^3.0.2"

caniuse-lite@^1.0.30001616, caniuse-lite@^1.0.30001636:
  version "1.0.30001638"
  resolved "https://registry.yarnpkg.com/caniuse-lite/-/caniuse-lite-1.0.30001638.tgz#598e1f0c2ac36f37ebc3f5b8887a32ca558e5d56"
  integrity sha512-5SuJUJ7cZnhPpeLHaH0c/HPAnAHZvS6ElWyHK9GSIbVOQABLzowiI2pjmpvZ1WEbkyz46iFd4UXlOHR5SqgfMQ==

core-js@~3.36.0:
  version "3.36.1"
  resolved "https://registry.yarnpkg.com/core-js/-/core-js-3.36.1.tgz#c97a7160ebd00b2de19e62f4bbd3406ab720e578"
  integrity sha512-BTvUrwxVBezj5SZ3f10ImnX2oRByMxql3EimVqMysepbC9EeMUOpLwdy6Eoili2x6E4kf+ZUB5k/+Jv55alPfA==

csstype@^3.0.2:
  version "3.1.3"
  resolved "https://registry.yarnpkg.com/csstype/-/csstype-3.1.3.tgz#d80ff294d114fb0e6ac500fbf85b60137d7eff81"
  integrity sha512-M1uQkMl8rQK/szD0LNhtqxIPLpimGm8sOBwU7lLnCpSbTyY3yeU1Vc7l4KT5zT4s/yOxHH5O7tIuuLOCnLADRw==

fsevents@~2.3.3:
  version "2.3.3"
  resolved "https://registry.yarnpkg.com/fsevents/-/fsevents-2.3.3.tgz#cac6407785d03675a2a5e1a5305c697b347d90d6"
  integrity sha512-5xoDfX+fL7faATnagmWPpbFtwh/R77WmMMqqHGS65C3vvB0YHrgF+B1YmZ3441tMj5n63k0212XNoJwzlhffQw==

"html-webpack-plugin@npm:html-rspack-plugin@5.7.2":
  version "5.7.2"
  resolved "https://registry.yarnpkg.com/html-rspack-plugin/-/html-rspack-plugin-5.7.2.tgz#c7bfe54227c38384b790ffc61127ec3161cd9a59"
  integrity sha512-uVXGYq19bcsX7Q/53VqXQjCKXw0eUMHlFGDLTaqzgj/ckverfhZQvXyA6ecFBaF9XUH16jfCTCyALYi0lJcagg==

"js-tokens@^3.0.0 || ^4.0.0":
  version "4.0.0"
  resolved "https://registry.yarnpkg.com/js-tokens/-/js-tokens-4.0.0.tgz#19203fb59991df98e3a287050d4647cdeaf32499"
  integrity sha512-RdJUflcE3cUzKiMqQgsCu06FPu9UdIJO0beYbPhHN4k6apgJtifcoCtT9bcxOpYBtpD2kCM6Sbzg4CausW/PKQ==

loose-envify@^1.1.0:
  version "1.4.0"
  resolved "https://registry.yarnpkg.com/loose-envify/-/loose-envify-1.4.0.tgz#71ee51fa7be4caec1a63839f7e682d8132d30caf"
  integrity sha512-lyuxPGr/Wfhrlem2CL/UcnUc1zcqKAImBDzukY7Y5F/yQiNdko6+fRLevlw1HgMySw7f611UIY408EtxRSoK3Q==
  dependencies:
    js-tokens "^3.0.0 || ^4.0.0"

nanoid@^3.3.7:
  version "3.3.7"
  resolved "https://registry.yarnpkg.com/nanoid/-/nanoid-3.3.7.tgz#d0c301a691bc8d54efa0a2226ccf3fe2fd656bd8"
  integrity sha512-eSRppjcPIatRIMC1U6UngP8XFcz8MQWGQdt1MTBQ7NaAmvXDfvNxbvWV3x2y6CdEUciCSsDHDQZbhYaB8QEo2g==

picocolors@^1.0.0:
  version "1.0.1"
  resolved "https://registry.yarnpkg.com/picocolors/-/picocolors-1.0.1.tgz#a8ad579b571952f0e5d25892de5445bcfe25aaa1"
  integrity sha512-anP1Z8qwhkbmu7MFP5iTt+wQKXgwzf7zTyGlcdzabySa9vd0Xt392U0rVmz9poOaBj0uHJKyyo9/upk0HrEQew==

postcss@^8.4.38:
  version "8.4.38"
  resolved "https://registry.yarnpkg.com/postcss/-/postcss-8.4.38.tgz#b387d533baf2054288e337066d81c6bee9db9e0e"
  integrity sha512-Wglpdk03BSfXkHoQa3b/oulrotAkwrlLDRSOb9D0bN86FdRyE9lppSp33aHNPgBa0JKCoB+drFLZkQoRRYae5A==
  dependencies:
    nanoid "^3.3.7"
    picocolors "^1.0.0"
    source-map-js "^1.2.0"

react-dom@^18.3.1:
  version "18.3.1"
  resolved "https://registry.yarnpkg.com/react-dom/-/react-dom-18.3.1.tgz#c2265d79511b57d479b3dd3fdfa51536494c5cb4"
  integrity sha512-5m4nQKp+rZRb09LNH59GM4BxTh9251/ylbKIbpe7TpGxfJ+9kv6BLkLBXIjjspbgbnIBNqlI23tRnTWT0snUIw==
  dependencies:
    loose-envify "^1.1.0"
    scheduler "^0.23.2"

react-refresh@^0.14.2:
  version "0.14.2"
  resolved "https://registry.yarnpkg.com/react-refresh/-/react-refresh-0.14.2.tgz#3833da01ce32da470f1f936b9d477da5c7028bf9"
  integrity sha512-jCvmsr+1IUSMUyzOkRcvnVbX3ZYC6g9TDrDbFuFmRDq7PD4yaGbLKNQL6k2jnArV8hjYxh7hVhAZB6s9HDGpZA==

react@^18.3.1:
  version "18.3.1"
  resolved "https://registry.yarnpkg.com/react/-/react-18.3.1.tgz#49ab892009c53933625bd16b2533fc754cab2891"
  integrity sha512-wS+hAgJShR0KhEvPJArfuPVN1+Hz1t0Y6n5jLrGQbkb4urgPE/0Rve+1kMB1v/oWgHgm4WIcV+i7F2pTVj+2iQ==
  dependencies:
    loose-envify "^1.1.0"

scheduler@^0.23.2:
  version "0.23.2"
  resolved "https://registry.yarnpkg.com/scheduler/-/scheduler-0.23.2.tgz#414ba64a3b282892e944cf2108ecc078d115cdc3"
  integrity sha512-UOShsPwz7NrMUqhR6t0hWjFduvOzbtv7toDH1/hIrfRNIDBnnBWd0CwJTGvTpngVlmwGCdP9/Zl/tVrDqcuYzQ==
  dependencies:
    loose-envify "^1.1.0"

source-map-js@^1.2.0:
  version "1.2.0"
  resolved "https://registry.yarnpkg.com/source-map-js/-/source-map-js-1.2.0.tgz#16b809c162517b5b8c3e7dcd315a2a5c2612b2af"
  integrity sha512-itJW8lvSA0TXEphiRoawsCksnlf8SyvmFzIhltqAHluXd88pkCd+cXJVHTDwdCr0IzwptSm035IHQktUu1QUMg==

tapable@2.2.1:
  version "2.2.1"
  resolved "https://registry.yarnpkg.com/tapable/-/tapable-2.2.1.tgz#1967a73ef4060a82f12ab96af86d52fdb76eeca0"
  integrity sha512-GNzQvQTOIP6RyTfE2Qxb8ZVlNmw0n88vp1szwWRimP02mnTsx3Wtn5qRdqY9w2XduFNUgvOwhNnQsjwCp+kqaQ==

tslib@^2.4.0:
  version "2.6.3"
  resolved "https://registry.yarnpkg.com/tslib/-/tslib-2.6.3.tgz#0438f810ad7a9edcde7a241c3d80db693c8cbfe0"
  integrity sha512-xNvxJEOUiWPGhUuUdQgAJPKOOJfGnIyKySOc09XkKsgdUV/3E2zvwZYdejjmRgPCgcym1juLH3226yA7sEFJKQ==

typescript@^5.4.2:
  version "5.5.2"
  resolved "https://registry.yarnpkg.com/typescript/-/typescript-5.5.2.tgz#c26f023cb0054e657ce04f72583ea2d85f8d0507"
  integrity sha512-NcRtPEOsPFFWjobJEtfihkLCZCXZt/os3zf8nTxjVH3RvTSxjrCamJpbExGvYOF+tFHc3pA65qpdwPbzjohhew==

webpack-sources@3.2.3:
  version "3.2.3"
  resolved "https://registry.yarnpkg.com/webpack-sources/-/webpack-sources-3.2.3.tgz#2d4daab8451fd4b240cc27055ff6a0c2ccea0cde"
  integrity sha512-/DyMEOrDgLKKIG0fmvtz+4dUX/3Ghozwgm6iPp8KRhvn+eQf9+Q7GWxVNMk3+uCPWfdXYC4ExGBckIXdFEfH1w==
